
Microsoft Visual Studio Solution File, Format Version 12.00
# Visual Studio Version 17
VisualStudioVersion = 17.10.35013.160
MinimumVisualStudioVersion = 10.0.40219.1
Project("{FAE04EC0-301F-11D3-BF4B-00C04F79EFBC}") = "Loja_Backend", "Loja_Backend.csproj", "{4AB2AB74-A1B9-49EB-8A93-83B02B5CCC97}"
EndProject
Project("{FAE04EC0-301F-11D3-BF4B-00C04F79EFBC}") = "Domain", "..\Domain\Domain.csproj", "{4ADB358D-1642-4B02-B19E-1D51D0F4214F}"
EndProject
Project("{FAE04EC0-301F-11D3-BF4B-00C04F79EFBC}") = "Infra", "..\Infra\Infra.csproj", "{ADEB5BA8-CBD2-4E92-A4E1-08BC07E28B6E}"
EndProject
Global
	GlobalSection(SolutionConfigurationPlatforms) = preSolution
		Debug|Any CPU = Debug|Any CPU
		Release|Any CPU = Release|Any CPU
	EndGlobalSection
	GlobalSection(ProjectConfigurationPlatforms) = postSolution
		{4AB2AB74-A1B9-49EB-8A93-83B02B5CCC97}.Debug|Any CPU.ActiveCfg = Debug|Any CPU
		{4AB2AB74-A1B9-49EB-8A93-83B02B5CCC97}.Debug|Any CPU.Build.0 = Debug|Any CPU
		{4AB2AB74-A1B9-49EB-8A93-83B02B5CCC97}.Release|Any CPU.ActiveCfg = Release|Any CPU
		{4AB2AB74-A1B9-49EB-8A93-83B02B5CCC97}.Release|Any CPU.Build.0 = Release|Any CPU
		{4ADB358D-1642-4B02-B19E-1D51D0F4214F}.Debug|Any CPU.ActiveCfg = Debug|Any CPU
		{4ADB358D-1642-4B02-B19E-1D51D0F4214F}.Debug|Any CPU.Build.0 = Debug|Any CPU
		{4ADB358D-1642-4B02-B19E-1D51D0F4214F}.Release|Any CPU.ActiveCfg = Release|Any CPU
		{4ADB358D-1642-4B02-B19E-1D51D0F4214F}.Release|Any CPU.Build.0 = Release|Any CPU
		{ADEB5BA8-CBD2-4E92-A4E1-08BC07E28B6E}.Debug|Any CPU.ActiveCfg = Debug|Any CPU
		{ADEB5BA8-CBD2-4E92-A4E1-08BC07E28B6E}.Debug|Any CPU.Build.0 = Debug|Any CPU
		{ADEB5BA8-CBD2-4E92-A4E1-08BC07E28B6E}.Release|Any CPU.ActiveCfg = Release|Any CPU
		{ADEB5BA8-CBD2-4E92-A4E1-08BC07E28B6E}.Release|Any CPU.Build.0 = Release|Any CPU
	EndGlobalSection
	GlobalSection(SolutionProperties) = preSolution
		HideSolutionNode = FALSE
	EndGlobalSection
	GlobalSection(ExtensibilityGlobals) = postSolution
		SolutionGuid = {2B574D0E-E28E-4A2C-8E99-DD58F289A6D9}
	EndGlobalSection
EndGlobal
